
Microsoft Visual Studio Solution File, Format Version 12.00
# Visual Studio 2013
VisualStudioVersion = 12.0.31101.0
MinimumVisualStudioVersion = 10.0.40219.1
Project("{FAE04EC0-301F-11D3-BF4B-00C04F79EFBC}") = "fuzzyLauncher", "fuzzyLauncher.csproj", "{1FDF81A0-DAC2-4A18-9458-1281A9E3863A}"
	ProjectSection(ProjectDependencies) = postProject
		{AED87E37-BFF7-4B3A-AB77-63B981AC2A2C} = {AED87E37-BFF7-4B3A-AB77-63B981AC2A2C}
		{6E5E5038-68BE-4DE5-96D0-B8507639EDDC} = {6E5E5038-68BE-4DE5-96D0-B8507639EDDC}
		{66FE3B6B-1410-45F6-9B3D-00360EA3C811} = {66FE3B6B-1410-45F6-9B3D-00360EA3C811}
		{131E2C77-93F1-41C7-95DC-236EDBE958F9} = {131E2C77-93F1-41C7-95DC-236EDBE958F9}
		{E5B656AA-418D-47C6-B23A-6842A370289E} = {E5B656AA-418D-47C6-B23A-6842A370289E}
		{240507EB-5B10-445B-A04D-4A79C4CB7E37} = {240507EB-5B10-445B-A04D-4A79C4CB7E37}
	EndProjectSection
EndProject
Project("{2150E333-8FDC-42A3-9474-1A3956D46DE8}") = "Providers", "Providers", "{1AED52C5-C0A4-485B-A943-CA58035EF137}"
EndProject
Project("{FAE04EC0-301F-11D3-BF4B-00C04F79EFBC}") = "Dummy", "Providers\Dummy\Dummy.csproj", "{240507EB-5B10-445B-A04D-4A79C4CB7E37}"
EndProject
Project("{FAE04EC0-301F-11D3-BF4B-00C04F79EFBC}") = "LuceneExec", "Providers\LuceneExec\LuceneExec.csproj", "{AED87E37-BFF7-4B3A-AB77-63B981AC2A2C}"
EndProject
Project("{FAE04EC0-301F-11D3-BF4B-00C04F79EFBC}") = "GoogleTranslate", "Providers\GoogleTranslate\GoogleTranslate.csproj", "{131E2C77-93F1-41C7-95DC-236EDBE958F9}"
EndProject
Project("{FAE04EC0-301F-11D3-BF4B-00C04F79EFBC}") = "LoreSoftMathProvider", "Providers\LoreSoftMathProvider\LoreSoftMathProvider.csproj", "{66FE3B6B-1410-45F6-9B3D-00360EA3C811}"
EndProject
Project("{FAE04EC0-301F-11D3-BF4B-00C04F79EFBC}") = "YandexTranslate", "Providers\YandexTranslate\YandexTranslate.csproj", "{E5B656AA-418D-47C6-B23A-6842A370289E}"
EndProject
Project("{FAE04EC0-301F-11D3-BF4B-00C04F79EFBC}") = "YandexMaps", "Providers\YandexMaps\YandexMaps.csproj", "{6E5E5038-68BE-4DE5-96D0-B8507639EDDC}"
EndProject
Project("{FAE04EC0-301F-11D3-BF4B-00C04F79EFBC}") = "Shared", "Shared\Shared.csproj", "{1B56D841-762A-4373-A9E9-FFDF3B10E47E}"
EndProject
Global
	GlobalSection(SolutionConfigurationPlatforms) = preSolution
		Debug|Any CPU = Debug|Any CPU
		Debug|Mixed Platforms = Debug|Mixed Platforms
		Debug|x64 = Debug|x64
		Release|Any CPU = Release|Any CPU
		Release|Mixed Platforms = Release|Mixed Platforms
		Release|x64 = Release|x64
	EndGlobalSection
	GlobalSection(ProjectConfigurationPlatforms) = postSolution
		{1FDF81A0-DAC2-4A18-9458-1281A9E3863A}.Debug|Any CPU.ActiveCfg = Debug|Any CPU
		{1FDF81A0-DAC2-4A18-9458-1281A9E3863A}.Debug|Any CPU.Build.0 = Debug|Any CPU
		{1FDF81A0-DAC2-4A18-9458-1281A9E3863A}.Debug|Mixed Platforms.ActiveCfg = Debug|Any CPU
		{1FDF81A0-DAC2-4A18-9458-1281A9E3863A}.Debug|Mixed Platforms.Build.0 = Debug|Any CPU
		{1FDF81A0-DAC2-4A18-9458-1281A9E3863A}.Debug|x64.ActiveCfg = Debug|x64
		{1FDF81A0-DAC2-4A18-9458-1281A9E3863A}.Debug|x64.Build.0 = Debug|x64
		{1FDF81A0-DAC2-4A18-9458-1281A9E3863A}.Release|Any CPU.ActiveCfg = Release|Any CPU
		{1FDF81A0-DAC2-4A18-9458-1281A9E3863A}.Release|Any CPU.Build.0 = Release|Any CPU
		{1FDF81A0-DAC2-4A18-9458-1281A9E3863A}.Release|Mixed Platforms.ActiveCfg = Release|Any CPU
		{1FDF81A0-DAC2-4A18-9458-1281A9E3863A}.Release|Mixed Platforms.Build.0 = Release|Any CPU
		{1FDF81A0-DAC2-4A18-9458-1281A9E3863A}.Release|x64.ActiveCfg = Release|x64
		{1FDF81A0-DAC2-4A18-9458-1281A9E3863A}.Release|x64.Build.0 = Release|x64
		{240507EB-5B10-445B-A04D-4A79C4CB7E37}.Debug|Any CPU.ActiveCfg = Debug|Any CPU
		{240507EB-5B10-445B-A04D-4A79C4CB7E37}.Debug|Any CPU.Build.0 = Debug|Any CPU
		{240507EB-5B10-445B-A04D-4A79C4CB7E37}.Debug|Mixed Platforms.ActiveCfg = Debug|Any CPU
		{240507EB-5B10-445B-A04D-4A79C4CB7E37}.Debug|Mixed Platforms.Build.0 = Debug|Any CPU
		{240507EB-5B10-445B-A04D-4A79C4CB7E37}.Debug|x64.ActiveCfg = Debug|Any CPU
		{240507EB-5B10-445B-A04D-4A79C4CB7E37}.Release|Any CPU.ActiveCfg = Release|Any CPU
		{240507EB-5B10-445B-A04D-4A79C4CB7E37}.Release|Any CPU.Build.0 = Release|Any CPU
		{240507EB-5B10-445B-A04D-4A79C4CB7E37}.Release|Mixed Platforms.ActiveCfg = Release|Any CPU
		{240507EB-5B10-445B-A04D-4A79C4CB7E37}.Release|Mixed Platforms.Build.0 = Release|Any CPU
		{240507EB-5B10-445B-A04D-4A79C4CB7E37}.Release|x64.ActiveCfg = Release|Any CPU
		{AED87E37-BFF7-4B3A-AB77-63B981AC2A2C}.Debug|Any CPU.ActiveCfg = Debug|Any CPU
		{AED87E37-BFF7-4B3A-AB77-63B981AC2A2C}.Debug|Any CPU.Build.0 = Debug|Any CPU
		{AED87E37-BFF7-4B3A-AB77-63B981AC2A2C}.Debug|Mixed Platforms.ActiveCfg = Debug|Any CPU
		{AED87E37-BFF7-4B3A-AB77-63B981AC2A2C}.Debug|Mixed Platforms.Build.0 = Debug|Any CPU
		{AED87E37-BFF7-4B3A-AB77-63B981AC2A2C}.Debug|x64.ActiveCfg = Debug|Any CPU
		{AED87E37-BFF7-4B3A-AB77-63B981AC2A2C}.Release|Any CPU.ActiveCfg = Release|Any CPU
		{AED87E37-BFF7-4B3A-AB77-63B981AC2A2C}.Release|Any CPU.Build.0 = Release|Any CPU
		{AED87E37-BFF7-4B3A-AB77-63B981AC2A2C}.Release|Mixed Platforms.ActiveCfg = Release|Any CPU
		{AED87E37-BFF7-4B3A-AB77-63B981AC2A2C}.Release|Mixed Platforms.Build.0 = Release|Any CPU
		{AED87E37-BFF7-4B3A-AB77-63B981AC2A2C}.Release|x64.ActiveCfg = Release|Any CPU
		{131E2C77-93F1-41C7-95DC-236EDBE958F9}.Debug|Any CPU.ActiveCfg = Debug|Any CPU
		{131E2C77-93F1-41C7-95DC-236EDBE958F9}.Debug|Any CPU.Build.0 = Debug|Any CPU
		{131E2C77-93F1-41C7-95DC-236EDBE958F9}.Debug|Mixed Platforms.ActiveCfg = Debug|Any CPU
		{131E2C77-93F1-41C7-95DC-236EDBE958F9}.Debug|Mixed Platforms.Build.0 = Debug|Any CPU
		{131E2C77-93F1-41C7-95DC-236EDBE958F9}.Debug|x64.ActiveCfg = Debug|Any CPU
		{131E2C77-93F1-41C7-95DC-236EDBE958F9}.Release|Any CPU.ActiveCfg = Release|Any CPU
		{131E2C77-93F1-41C7-95DC-236EDBE958F9}.Release|Any CPU.Build.0 = Release|Any CPU
		{131E2C77-93F1-41C7-95DC-236EDBE958F9}.Release|Mixed Platforms.ActiveCfg = Release|Any CPU
		{131E2C77-93F1-41C7-95DC-236EDBE958F9}.Release|Mixed Platforms.Build.0 = Release|Any CPU
		{131E2C77-93F1-41C7-95DC-236EDBE958F9}.Release|x64.ActiveCfg = Release|Any CPU
		{66FE3B6B-1410-45F6-9B3D-00360EA3C811}.Debug|Any CPU.ActiveCfg = Debug|Any CPU
		{66FE3B6B-1410-45F6-9B3D-00360EA3C811}.Debug|Any CPU.Build.0 = Debug|Any CPU
		{66FE3B6B-1410-45F6-9B3D-00360EA3C811}.Debug|Mixed Platforms.ActiveCfg = Debug|Any CPU
		{66FE3B6B-1410-45F6-9B3D-00360EA3C811}.Debug|Mixed Platforms.Build.0 = Debug|Any CPU
		{66FE3B6B-1410-45F6-9B3D-00360EA3C811}.Debug|x64.ActiveCfg = Debug|Any CPU
		{66FE3B6B-1410-45F6-9B3D-00360EA3C811}.Release|Any CPU.ActiveCfg = Release|Any CPU
		{66FE3B6B-1410-45F6-9B3D-00360EA3C811}.Release|Any CPU.Build.0 = Release|Any CPU
		{66FE3B6B-1410-45F6-9B3D-00360EA3C811}.Release|Mixed Platforms.ActiveCfg = Release|Any CPU
		{66FE3B6B-1410-45F6-9B3D-00360EA3C811}.Release|Mixed Platforms.Build.0 = Release|Any CPU
		{66FE3B6B-1410-45F6-9B3D-00360EA3C811}.Release|x64.ActiveCfg = Release|Any CPU
		{E5B656AA-418D-47C6-B23A-6842A370289E}.Debug|Any CPU.ActiveCfg = Debug|Any CPU
		{E5B656AA-418D-47C6-B23A-6842A370289E}.Debug|Any CPU.Build.0 = Debug|Any CPU
		{E5B656AA-418D-47C6-B23A-6842A370289E}.Debug|Mixed Platforms.ActiveCfg = Debug|Any CPU
		{E5B656AA-418D-47C6-B23A-6842A370289E}.Debug|Mixed Platforms.Build.0 = Debug|Any CPU
		{E5B656AA-418D-47C6-B23A-6842A370289E}.Debug|x64.ActiveCfg = Debug|Any CPU
		{E5B656AA-418D-47C6-B23A-6842A370289E}.Release|Any CPU.ActiveCfg = Release|Any CPU
		{E5B656AA-418D-47C6-B23A-6842A370289E}.Release|Any CPU.Build.0 = Release|Any CPU
		{E5B656AA-418D-47C6-B23A-6842A370289E}.Release|Mixed Platforms.ActiveCfg = Release|Any CPU
		{E5B656AA-418D-47C6-B23A-6842A370289E}.Release|Mixed Platforms.Build.0 = Release|Any CPU
		{E5B656AA-418D-47C6-B23A-6842A370289E}.Release|x64.ActiveCfg = Release|Any CPU
		{6E5E5038-68BE-4DE5-96D0-B8507639EDDC}.Debug|Any CPU.ActiveCfg = Debug|Any CPU
		{6E5E5038-68BE-4DE5-96D0-B8507639EDDC}.Debug|Any CPU.Build.0 = Debug|Any CPU
		{6E5E5038-68BE-4DE5-96D0-B8507639EDDC}.Debug|Mixed Platforms.ActiveCfg = Debug|Any CPU
		{6E5E5038-68BE-4DE5-96D0-B8507639EDDC}.Debug|Mixed Platforms.Build.0 = Debug|Any CPU
		{6E5E5038-68BE-4DE5-96D0-B8507639EDDC}.Debug|x64.ActiveCfg = Debug|Any CPU
		{6E5E5038-68BE-4DE5-96D0-B8507639EDDC}.Release|Any CPU.ActiveCfg = Release|Any CPU
		{6E5E5038-68BE-4DE5-96D0-B8507639EDDC}.Release|Any CPU.Build.0 = Release|Any CPU
		{6E5E5038-68BE-4DE5-96D0-B8507639EDDC}.Release|Mixed Platforms.ActiveCfg = Release|Any CPU
		{6E5E5038-68BE-4DE5-96D0-B8507639EDDC}.Release|Mixed Platforms.Build.0 = Release|Any CPU
		{6E5E5038-68BE-4DE5-96D0-B8507639EDDC}.Release|x64.ActiveCfg = Release|Any CPU
		{1B56D841-762A-4373-A9E9-FFDF3B10E47E}.Debug|Any CPU.ActiveCfg = Debug|Any CPU
		{1B56D841-762A-4373-A9E9-FFDF3B10E47E}.Debug|Any CPU.Build.0 = Debug|Any CPU
		{1B56D841-762A-4373-A9E9-FFDF3B10E47E}.Debug|Mixed Platforms.ActiveCfg = Debug|Any CPU
		{1B56D841-762A-4373-A9E9-FFDF3B10E47E}.Debug|Mixed Platforms.Build.0 = Debug|Any CPU
		{1B56D841-762A-4373-A9E9-FFDF3B10E47E}.Debug|x64.ActiveCfg = Debug|Any CPU
		{1B56D841-762A-4373-A9E9-FFDF3B10E47E}.Release|Any CPU.ActiveCfg = Release|Any CPU
		{1B56D841-762A-4373-A9E9-FFDF3B10E47E}.Release|Any CPU.Build.0 = Release|Any CPU
		{1B56D841-762A-4373-A9E9-FFDF3B10E47E}.Release|Mixed Platforms.ActiveCfg = Release|Any CPU
		{1B56D841-762A-4373-A9E9-FFDF3B10E47E}.Release|Mixed Platforms.Build.0 = Release|Any CPU
		{1B56D841-762A-4373-A9E9-FFDF3B10E47E}.Release|x64.ActiveCfg = Release|Any CPU
	EndGlobalSection
	GlobalSection(SolutionProperties) = preSolution
		HideSolutionNode = FALSE
	EndGlobalSection
	GlobalSection(NestedProjects) = preSolution
		{240507EB-5B10-445B-A04D-4A79C4CB7E37} = {1AED52C5-C0A4-485B-A943-CA58035EF137}
		{AED87E37-BFF7-4B3A-AB77-63B981AC2A2C} = {1AED52C5-C0A4-485B-A943-CA58035EF137}
		{131E2C77-93F1-41C7-95DC-236EDBE958F9} = {1AED52C5-C0A4-485B-A943-CA58035EF137}
		{66FE3B6B-1410-45F6-9B3D-00360EA3C811} = {1AED52C5-C0A4-485B-A943-CA58035EF137}
		{E5B656AA-418D-47C6-B23A-6842A370289E} = {1AED52C5-C0A4-485B-A943-CA58035EF137}
		{6E5E5038-68BE-4DE5-96D0-B8507639EDDC} = {1AED52C5-C0A4-485B-A943-CA58035EF137}
	EndGlobalSection
	GlobalSection(Performance) = preSolution
		HasPerformanceSessions = true
	EndGlobalSection
EndGlobal
